
Microsoft Visual Studio Solution File, Format Version 11.00
# Visual Studio 2010
Project("{FAE04EC0-301F-11D3-BF4B-00C04F79EFBC}") = "80b2de074fac948428417ffcb7e55775", "Assembly-CSharp.csproj", "{37C07A95-7C8E-3D37-0010-C7191B7F82E0}"
EndProject
Global
	GlobalSection(SolutionConfigurationPlatforms) = preSolution
		Debug|Any CPU = Debug|Any CPU
		Release|Any CPU = Release|Any CPU
	EndGlobalSection
	GlobalSection(ProjectConfigurationPlatforms) = postSolution
		{37C07A95-7C8E-3D37-0010-C7191B7F82E0}.Debug|Any CPU.ActiveCfg = Debug|Any CPU
		{37C07A95-7C8E-3D37-0010-C7191B7F82E0}.Debug|Any CPU.Build.0 = Debug|Any CPU
		{37C07A95-7C8E-3D37-0010-C7191B7F82E0}.Release|Any CPU.ActiveCfg = Release|Any CPU
		{37C07A95-7C8E-3D37-0010-C7191B7F82E0}.Release|Any CPU.Build.0 = Release|Any CPU
	EndGlobalSection
	GlobalSection(SolutionProperties) = preSolution
		HideSolutionNode = FALSE
	EndGlobalSection
	GlobalSection(MonoDevelopProperties) = preSolution
		StartupItem = Assembly-CSharp.csproj
	EndGlobalSection
EndGlobal
